
Microsoft Visual Studio Solution File, Format Version 12.00
# Visual Studio 15
VisualStudioVersion = 15.0.27130.2027
MinimumVisualStudioVersion = 10.0.40219.1
Project("{9A19103F-16F7-4668-BE54-9A1E7A4F7556}") = "log4net-loggly-core", "log4net-loggly-core\log4net-loggly-core.csproj", "{9D359107-B80E-4F2F-9F89-97202D10BECD}"
EndProject
Project("{FAE04EC0-301F-11D3-BF4B-00C04F79EFBC}") = "log4net-loggly-core-console", "log4net-loggly-core-console\log4net-loggly-core-console.csproj", "{5C5592E0-2206-48AB-84E3-145EF1878947}"
EndProject
Global
	GlobalSection(SolutionConfigurationPlatforms) = preSolution
		Debug|Any CPU = Debug|Any CPU
		Debug|x86 = Debug|x86
		Release|Any CPU = Release|Any CPU
		Release|x86 = Release|x86
	EndGlobalSection
	GlobalSection(ProjectConfigurationPlatforms) = postSolution
		{9D359107-B80E-4F2F-9F89-97202D10BECD}.Debug|Any CPU.ActiveCfg = Debug|Any CPU
		{9D359107-B80E-4F2F-9F89-97202D10BECD}.Debug|Any CPU.Build.0 = Debug|Any CPU
		{9D359107-B80E-4F2F-9F89-97202D10BECD}.Debug|x86.ActiveCfg = Debug|Any CPU
		{9D359107-B80E-4F2F-9F89-97202D10BECD}.Debug|x86.Build.0 = Debug|Any CPU
		{9D359107-B80E-4F2F-9F89-97202D10BECD}.Release|Any CPU.ActiveCfg = Release|Any CPU
		{9D359107-B80E-4F2F-9F89-97202D10BECD}.Release|Any CPU.Build.0 = Release|Any CPU
		{9D359107-B80E-4F2F-9F89-97202D10BECD}.Release|x86.ActiveCfg = Release|Any CPU
		{9D359107-B80E-4F2F-9F89-97202D10BECD}.Release|x86.Build.0 = Release|Any CPU
		{5C5592E0-2206-48AB-84E3-145EF1878947}.Debug|Any CPU.ActiveCfg = Debug|Any CPU
		{5C5592E0-2206-48AB-84E3-145EF1878947}.Debug|Any CPU.Build.0 = Debug|Any CPU
		{5C5592E0-2206-48AB-84E3-145EF1878947}.Debug|x86.ActiveCfg = Debug|Any CPU
		{5C5592E0-2206-48AB-84E3-145EF1878947}.Debug|x86.Build.0 = Debug|Any CPU
		{5C5592E0-2206-48AB-84E3-145EF1878947}.Release|Any CPU.ActiveCfg = Release|Any CPU
		{5C5592E0-2206-48AB-84E3-145EF1878947}.Release|Any CPU.Build.0 = Release|Any CPU
		{5C5592E0-2206-48AB-84E3-145EF1878947}.Release|x86.ActiveCfg = Release|Any CPU
		{5C5592E0-2206-48AB-84E3-145EF1878947}.Release|x86.Build.0 = Release|Any CPU
	EndGlobalSection
	GlobalSection(SolutionProperties) = preSolution
		HideSolutionNode = FALSE
	EndGlobalSection
	GlobalSection(ExtensibilityGlobals) = postSolution
		SolutionGuid = {245C66EE-B69E-462A-B395-6AA51A10A9CB}
	EndGlobalSection
EndGlobal
